
Microsoft Visual Studio Solution File, Format Version 12.00
# Visual Studio Version 17
VisualStudioVersion = 17.14.36301.6 d17.14
MinimumVisualStudioVersion = 10.0.40219.1
Project("{FAE04EC0-301F-11D3-BF4B-00C04F79EFBC}") = "Keyboard Input 4U - Assignment", "Keyboard Input 4U - Assignment.csproj", "{475DDFBF-E1D1-4470-B7EF-9B9C0073200B}"
EndProject
Global
	GlobalSection(SolutionConfigurationPlatforms) = preSolution
		Debug|Any CPU = Debug|Any CPU
		Release|Any CPU = Release|Any CPU
	EndGlobalSection
	GlobalSection(ProjectConfigurationPlatforms) = postSolution
		{475DDFBF-E1D1-4470-B7EF-9B9C0073200B}.Debug|Any CPU.ActiveCfg = Debug|Any CPU
		{475DDFBF-E1D1-4470-B7EF-9B9C0073200B}.Debug|Any CPU.Build.0 = Debug|Any CPU
		{475DDFBF-E1D1-4470-B7EF-9B9C0073200B}.Release|Any CPU.ActiveCfg = Release|Any CPU
		{475DDFBF-E1D1-4470-B7EF-9B9C0073200B}.Release|Any CPU.Build.0 = Release|Any CPU
	EndGlobalSection
	GlobalSection(SolutionProperties) = preSolution
		HideSolutionNode = FALSE
	EndGlobalSection
	GlobalSection(ExtensibilityGlobals) = postSolution
		SolutionGuid = {897FA638-68AF-4D80-8D92-FD33DBD403D0}
	EndGlobalSection
EndGlobal
